
Microsoft Visual Studio Solution File, Format Version 12.00
# Visual Studio Version 17
VisualStudioVersion = 17.9.34728.123
MinimumVisualStudioVersion = 10.0.40219.1
Project("{FAE04EC0-301F-11D3-BF4B-00C04F79EFBC}") = "GiveAID_API", "GiveAID_API\GiveAID_API.csproj", "{052D57C2-F44F-43E6-915F-A2EEA69C015D}"
EndProject
Global
	GlobalSection(SolutionConfigurationPlatforms) = preSolution
		Debug|Any CPU = Debug|Any CPU
		Release|Any CPU = Release|Any CPU
	EndGlobalSection
	GlobalSection(ProjectConfigurationPlatforms) = postSolution
		{052D57C2-F44F-43E6-915F-A2EEA69C015D}.Debug|Any CPU.ActiveCfg = Debug|Any CPU
		{052D57C2-F44F-43E6-915F-A2EEA69C015D}.Debug|Any CPU.Build.0 = Debug|Any CPU
		{052D57C2-F44F-43E6-915F-A2EEA69C015D}.Release|Any CPU.ActiveCfg = Release|Any CPU
		{052D57C2-F44F-43E6-915F-A2EEA69C015D}.Release|Any CPU.Build.0 = Release|Any CPU
	EndGlobalSection
	GlobalSection(SolutionProperties) = preSolution
		HideSolutionNode = FALSE
	EndGlobalSection
	GlobalSection(ExtensibilityGlobals) = postSolution
		SolutionGuid = {C01C691F-F55E-429D-AE06-68301DAFE035}
	EndGlobalSection
EndGlobal
